<?xml version="1.0" encoding="utf-8"?>
<Project ToolsVersion="4.0" xmlns="http://schemas.microsoft.com/developer/msbuild/2003">
  <ItemGroup>
    <Filter Include="Исходные файлы">
      <UniqueIdentifier>{4FC737F1-C7A5-4376-A066-2A32D752A2FF}</UniqueIdentifier>
      <Extensions>cpp;c;cc;cxx;c++;cppm;ixx;def;odl;idl;hpj;bat;asm;asmx</Extensions>
    </Filter>
    <Filter Include="Файлы заголовков">
      <UniqueIdentifier>{93995380-89BD-4b04-88EB-625FBE52EBFB}</UniqueIdentifier>
      <Extensions>h;hh;hpp;hxx;h++;hm;inl;inc;ipp;xsd</Extensions>
    </Filter>
    <Filter Include="Файлы ресурсов">
      <UniqueIdentifier>{67DA6AB6-F800-4c08-8B7A-83BB121AAD01}</UniqueIdentifier>
      <Extensions>rc;ico;cur;bmp;dlg;rc2;rct;bin;rgs;gif;jpg;jpeg;jpe;resx;tiff;tif;png;wav;mfcribbon-ms</Extensions>
    </Filter>
  </ItemGroup>
  <ItemGroup>
    <ClInclude Include="MFCInsole.h">
      <Filter>Файлы заголовков</Filter>
    </ClInclude>
    <ClInclude Include="MFCInsoleDlg.h">
      <Filter>Файлы заголовков</Filter>
    </ClInclude>
    <ClInclude Include="framework.h">
      <Filter>Файлы заголовков</Filter>
    </ClInclude>
    <ClInclude Include="targetver.h">
      <Filter>Файлы заголовков</Filter>
    </ClInclude>
    <ClInclude Include="Resource.h">
      <Filter>Файлы заголовков</Filter>
    </ClInclude>
    <ClInclude Include="pch.h">
      <Filter>Файлы заголовков</Filter>
    </ClInclude>
  </ItemGroup>
  <ItemGroup>
    <ClCompile Include="MFCInsole.cpp">
      <Filter>Исходные файлы</Filter>
    </ClCompile>
    <ClCompile Include="MFCInsoleDlg.cpp">
      <Filter>Исходные файлы</Filter>
    </ClCompile>
    <ClCompile Include="pch.cpp">
      <Filter>Исходные файлы</Filter>
    </ClCompile>
  </ItemGroup>
  <ItemGroup>
    <ResourceCompile Include="MFCInsole.rc">
      <Filter>Файлы ресурсов</Filter>
    </ResourceCompile>
  </ItemGroup>
  <ItemGroup>
    <None Include="res\MFCInsole.rc2">
      <Filter>Файлы ресурсов</Filter>
    </None>
  </ItemGroup>
  <ItemGroup>
    <Image Include="res\MFCInsole.ico">
      <Filter>Файлы ресурсов</Filter>
    </Image>
    <Image Include="..\imBPM\1.bmp">
      <Filter>Файлы ресурсов</Filter>
    </Image>
    <Image Include="..\imBPM\2.bmp">
      <Filter>Файлы ресурсов</Filter>
    </Image>
    <Image Include="..\imBPM\3.bmp">
      <Filter>Файлы ресурсов</Filter>
    </Image>
    <Image Include="..\imBPM\4.bmp">
      <Filter>Файлы ресурсов</Filter>
    </Image>
    <Image Include="..\..\..\..\Downloads\1.bmp">
      <Filter>Файлы ресурсов</Filter>
    </Image>
    <Image Include="..\..\..\..\Downloads\1A.bmp">
      <Filter>Файлы ресурсов</Filter>
    </Image>
    <Image Include="..\..\..\..\Downloads\2.bmp">
      <Filter>Файлы ресурсов</Filter>
    </Image>
    <Image Include="..\..\..\..\Downloads\2A.bmp">
      <Filter>Файлы ресурсов</Filter>
    </Image>
    <Image Include="..\imBPM\1A.bmp">
      <Filter>Файлы ресурсов</Filter>
    </Image>
    <Image Include="..\imBPM\2A.bmp">
      <Filter>Файлы ресурсов</Filter>
    </Image>
    <Image Include="..\imBPM\3A.bmp">
      <Filter>Файлы ресурсов</Filter>
    </Image>
    <Image Include="..\imBPM\4A.bmp">
      <Filter>Файлы ресурсов</Filter>
    </Image>
    <Image Include="..\imBPM\5.bmp">
      <Filter>Файлы ресурсов</Filter>
    </Image>
    <Image Include="..\imBPM\5A.bmp">
      <Filter>Файлы ресурсов</Filter>
    </Image>
    <Image Include="..\imBPM\6.bmp">
      <Filter>Файлы ресурсов</Filter>
    </Image>
    <Image Include="..\imBPM\6A.bmp">
      <Filter>Файлы ресурсов</Filter>
    </Image>
    <Image Include="..\imBPM\7.bmp">
      <Filter>Файлы ресурсов</Filter>
    </Image>
    <Image Include="..\imBPM\7A.bmp">
      <Filter>Файлы ресурсов</Filter>
    </Image>
    <Image Include="..\imBPM\8.bmp">
      <Filter>Файлы ресурсов</Filter>
    </Image>
    <Image Include="..\imBPM\8A.bmp">
      <Filter>Файлы ресурсов</Filter>
    </Image>
    <Image Include="..\imBPM\9.bmp">
      <Filter>Файлы ресурсов</Filter>
    </Image>
    <Image Include="..\imBPM\9A.bmp">
      <Filter>Файлы ресурсов</Filter>
    </Image>
    <Image Include="..\imBPM\10.bmp">
      <Filter>Файлы ресурсов</Filter>
    </Image>
    <Image Include="..\imBPM\10A.bmp">
      <Filter>Файлы ресурсов</Filter>
    </Image>
    <Image Include="..\imBPM\11.bmp">
      <Filter>Файлы ресурсов</Filter>
    </Image>
    <Image Include="..\imBPM\11A.bmp">
      <Filter>Файлы ресурсов</Filter>
    </Image>
    <Image Include="..\imBPM\12.bmp">
      <Filter>Файлы ресурсов</Filter>
    </Image>
    <Image Include="..\imBPM\12A.bmp">
      <Filter>Файлы ресурсов</Filter>
    </Image>
    <Image Include="..\imBPM\13.bmp">
      <Filter>Файлы ресурсов</Filter>
    </Image>
    <Image Include="..\imBPM\13A.bmp">
      <Filter>Файлы ресурсов</Filter>
    </Image>
    <Image Include="..\imBPM\14.bmp">
      <Filter>Файлы ресурсов</Filter>
    </Image>
    <Image Include="..\imBPM\14A.bmp">
      <Filter>Файлы ресурсов</Filter>
    </Image>
    <Image Include="..\imBPM\15.bmp">
      <Filter>Файлы ресурсов</Filter>
    </Image>
    <Image Include="..\imBPM\15A.bmp">
      <Filter>Файлы ресурсов</Filter>
    </Image>
    <Image Include="..\imBPM\16.bmp">
      <Filter>Файлы ресурсов</Filter>
    </Image>
    <Image Include="..\imBPM\16A.bmp">
      <Filter>Файлы ресурсов</Filter>
    </Image>
    <Image Include="..\imBPM\17.bmp">
      <Filter>Файлы ресурсов</Filter>
    </Image>
    <Image Include="..\imBPM\17A.bmp">
      <Filter>Файлы ресурсов</Filter>
    </Image>
    <Image Include="..\imBPM\18.bmp">
      <Filter>Файлы ресурсов</Filter>
    </Image>
    <Image Include="..\imBPM\18A.bmp">
      <Filter>Файлы ресурсов</Filter>
    </Image>
    <Image Include="..\imbpm\bitmap19.bmp">
      <Filter>Файлы ресурсов</Filter>
    </Image>
    <Image Include="..\imBPM\1c.bmp">
      <Filter>Файлы ресурсов</Filter>
    </Image>
    <Image Include="..\imBPM\2c.bmp">
      <Filter>Файлы ресурсов</Filter>
    </Image>
    <Image Include="..\imBPM\3c.bmp">
      <Filter>Файлы ресурсов</Filter>
    </Image>
    <Image Include="..\imBPM\4c.bmp">
      <Filter>Файлы ресурсов</Filter>
    </Image>
    <Image Include="..\imBPM\5c.bmp">
      <Filter>Файлы ресурсов</Filter>
    </Image>
    <Image Include="..\imBPM\6c.bmp">
      <Filter>Файлы ресурсов</Filter>
    </Image>
    <Image Include="..\imBPM\1b.bmp">
      <Filter>Файлы ресурсов</Filter>
    </Image>
    <Image Include="..\imBPM\1d.bmp">
      <Filter>Файлы ресурсов</Filter>
    </Image>
    <Image Include="..\imBPM\1e.bmp">
      <Filter>Файлы ресурсов</Filter>
    </Image>
    <Image Include="..\imBPM\2b.bmp">
      <Filter>Файлы ресурсов</Filter>
    </Image>
    <Image Include="..\imBPM\2d.bmp">
      <Filter>Файлы ресурсов</Filter>
    </Image>
    <Image Include="..\imBPM\2e.bmp">
      <Filter>Файлы ресурсов</Filter>
    </Image>
    <Image Include="..\imBPM\3b.bmp">
      <Filter>Файлы ресурсов</Filter>
    </Image>
    <Image Include="..\imBPM\3d.bmp">
      <Filter>Файлы ресурсов</Filter>
    </Image>
    <Image Include="..\imBPM\3e.bmp">
      <Filter>Файлы ресурсов</Filter>
    </Image>
    <Image Include="..\imBPM\4b.bmp">
      <Filter>Файлы ресурсов</Filter>
    </Image>
    <Image Include="..\imBPM\4d.bmp">
      <Filter>Файлы ресурсов</Filter>
    </Image>
    <Image Include="..\imBPM\4e.bmp">
      <Filter>Файлы ресурсов</Filter>
    </Image>
    <Image Include="..\imBPM\5b.bmp">
      <Filter>Файлы ресурсов</Filter>
    </Image>
    <Image Include="..\imBPM\5d.bmp">
      <Filter>Файлы ресурсов</Filter>
    </Image>
    <Image Include="..\imBPM\5e.bmp">
      <Filter>Файлы ресурсов</Filter>
    </Image>
    <Image Include="..\imBPM\6b.bmp">
      <Filter>Файлы ресурсов</Filter>
    </Image>
    <Image Include="..\imBPM\6d.bmp">
      <Filter>Файлы ресурсов</Filter>
    </Image>
    <Image Include="..\imBPM\6e.bmp">
      <Filter>Файлы ресурсов</Filter>
    </Image>
    <Image Include="..\imBPM\7b.bmp">
      <Filter>Файлы ресурсов</Filter>
    </Image>
    <Image Include="..\imBPM\7c.bmp">
      <Filter>Файлы ресурсов</Filter>
    </Image>
    <Image Include="..\imBPM\7d.bmp">
      <Filter>Файлы ресурсов</Filter>
    </Image>
    <Image Include="..\imBPM\7e.bmp">
      <Filter>Файлы ресурсов</Filter>
    </Image>
    <Image Include="..\imBPM\8b.bmp">
      <Filter>Файлы ресурсов</Filter>
    </Image>
    <Image Include="..\imBPM\8c.bmp">
      <Filter>Файлы ресурсов</Filter>
    </Image>
    <Image Include="..\imBPM\8d.bmp">
      <Filter>Файлы ресурсов</Filter>
    </Image>
    <Image Include="..\imBPM\8e.bmp">
      <Filter>Файлы ресурсов</Filter>
    </Image>
    <Image Include="..\imBPM\9b.bmp">
      <Filter>Файлы ресурсов</Filter>
    </Image>
    <Image Include="..\imBPM\9c.bmp">
      <Filter>Файлы ресурсов</Filter>
    </Image>
    <Image Include="..\imBPM\9d.bmp">
      <Filter>Файлы ресурсов</Filter>
    </Image>
    <Image Include="..\imBPM\9e.bmp">
      <Filter>Файлы ресурсов</Filter>
    </Image>
    <Image Include="..\imBPM\10b.bmp">
      <Filter>Файлы ресурсов</Filter>
    </Image>
    <Image Include="..\imBPM\10c.bmp">
      <Filter>Файлы ресурсов</Filter>
    </Image>
    <Image Include="..\imBPM\10d.bmp">
      <Filter>Файлы ресурсов</Filter>
    </Image>
    <Image Include="..\imBPM\10e.bmp">
      <Filter>Файлы ресурсов</Filter>
    </Image>
    <Image Include="..\imBPM\11b.bmp">
      <Filter>Файлы ресурсов</Filter>
    </Image>
    <Image Include="..\imBPM\11c.bmp">
      <Filter>Файлы ресурсов</Filter>
    </Image>
    <Image Include="..\imBPM\11d.bmp">
      <Filter>Файлы ресурсов</Filter>
    </Image>
    <Image Include="..\imBPM\11e.bmp">
      <Filter>Файлы ресурсов</Filter>
    </Image>
    <Image Include="..\imBPM\12b.bmp">
      <Filter>Файлы ресурсов</Filter>
    </Image>
    <Image Include="..\imBPM\12c.bmp">
      <Filter>Файлы ресурсов</Filter>
    </Image>
    <Image Include="..\imBPM\12d.bmp">
      <Filter>Файлы ресурсов</Filter>
    </Image>
    <Image Include="..\imBPM\12e.bmp">
      <Filter>Файлы ресурсов</Filter>
    </Image>
    <Image Include="..\imBPM\13b.bmp">
      <Filter>Файлы ресурсов</Filter>
    </Image>
    <Image Include="..\imBPM\13c.bmp">
      <Filter>Файлы ресурсов</Filter>
    </Image>
    <Image Include="..\imBPM\13d.bmp">
      <Filter>Файлы ресурсов</Filter>
    </Image>
    <Image Include="..\imBPM\13e.bmp">
      <Filter>Файлы ресурсов</Filter>
    </Image>
    <Image Include="..\imBPM\14b.bmp">
      <Filter>Файлы ресурсов</Filter>
    </Image>
    <Image Include="..\imBPM\14c.bmp">
      <Filter>Файлы ресурсов</Filter>
    </Image>
    <Image Include="..\imBPM\14d.bmp">
      <Filter>Файлы ресурсов</Filter>
    </Image>
    <Image Include="..\imBPM\14e.bmp">
      <Filter>Файлы ресурсов</Filter>
    </Image>
    <Image Include="..\imBPM\15b.bmp">
      <Filter>Файлы ресурсов</Filter>
    </Image>
    <Image Include="..\imBPM\15c.bmp">
      <Filter>Файлы ресурсов</Filter>
    </Image>
    <Image Include="..\imBPM\15d.bmp">
      <Filter>Файлы ресурсов</Filter>
    </Image>
    <Image Include="..\imBPM\15e.bmp">
      <Filter>Файлы ресурсов</Filter>
    </Image>
    <Image Include="..\imBPM\16b.bmp">
      <Filter>Файлы ресурсов</Filter>
    </Image>
    <Image Include="..\imBPM\16c.bmp">
      <Filter>Файлы ресурсов</Filter>
    </Image>
    <Image Include="..\imBPM\16d.bmp">
      <Filter>Файлы ресурсов</Filter>
    </Image>
    <Image Include="..\imBPM\16e.bmp">
      <Filter>Файлы ресурсов</Filter>
    </Image>
    <Image Include="..\imBPM\17b.bmp">
      <Filter>Файлы ресурсов</Filter>
    </Image>
    <Image Include="..\imBPM\17c.bmp">
      <Filter>Файлы ресурсов</Filter>
    </Image>
    <Image Include="..\imBPM\17d.bmp">
      <Filter>Файлы ресурсов</Filter>
    </Image>
    <Image Include="..\imBPM\17e.bmp">
      <Filter>Файлы ресурсов</Filter>
    </Image>
    <Image Include="..\imBPM\18b.bmp">
      <Filter>Файлы ресурсов</Filter>
    </Image>
    <Image Include="..\imBPM\18c.bmp">
      <Filter>Файлы ресурсов</Filter>
    </Image>
    <Image Include="..\imBPM\18d.bmp">
      <Filter>Файлы ресурсов</Filter>
    </Image>
    <Image Include="..\imBPM\18e.bmp">
      <Filter>Файлы ресурсов</Filter>
    </Image>
    <Image Include="..\imBPM\19.bmp">
      <Filter>Файлы ресурсов</Filter>
    </Image>
    <Image Include="..\imBPM\19a.bmp">
      <Filter>Файлы ресурсов</Filter>
    </Image>
    <Image Include="..\imBPM\19b.bmp">
      <Filter>Файлы ресурсов</Filter>
    </Image>
    <Image Include="..\imBPM\19c.bmp">
      <Filter>Файлы ресурсов</Filter>
    </Image>
    <Image Include="..\imBPM\19d.bmp">
      <Filter>Файлы ресурсов</Filter>
    </Image>
    <Image Include="..\imBPM\19e.bmp">
      <Filter>Файлы ресурсов</Filter>
    </Image>
    <Image Include="..\imBPM\20.bmp">
      <Filter>Файлы ресурсов</Filter>
    </Image>
    <Image Include="..\imBPM\20a.bmp">
      <Filter>Файлы ресурсов</Filter>
    </Image>
    <Image Include="..\imBPM\20b.bmp">
      <Filter>Файлы ресурсов</Filter>
    </Image>
    <Image Include="..\imBPM\20c.bmp">
      <Filter>Файлы ресурсов</Filter>
    </Image>
    <Image Include="..\imBPM\20d.bmp">
      <Filter>Файлы ресурсов</Filter>
    </Image>
    <Image Include="..\imBPM\20e.bmp">
      <Filter>Файлы ресурсов</Filter>
    </Image>
    <Image Include="..\imBPM\21.bmp">
      <Filter>Файлы ресурсов</Filter>
    </Image>
    <Image Include="..\imBPM\21a.bmp">
      <Filter>Файлы ресурсов</Filter>
    </Image>
    <Image Include="..\imBPM\21b.bmp">
      <Filter>Файлы ресурсов</Filter>
    </Image>
    <Image Include="..\imBPM\21c.bmp">
      <Filter>Файлы ресурсов</Filter>
    </Image>
    <Image Include="..\imBPM\21d.bmp">
      <Filter>Файлы ресурсов</Filter>
    </Image>
    <Image Include="..\imBPM\21e.bmp">
      <Filter>Файлы ресурсов</Filter>
    </Image>
    <Image Include="..\imBPM\22.bmp">
      <Filter>Файлы ресурсов</Filter>
    </Image>
    <Image Include="..\imBPM\22a.bmp">
      <Filter>Файлы ресурсов</Filter>
    </Image>
    <Image Include="..\imBPM\22b.bmp">
      <Filter>Файлы ресурсов</Filter>
    </Image>
    <Image Include="..\imBPM\22c.bmp">
      <Filter>Файлы ресурсов</Filter>
    </Image>
    <Image Include="..\imBPM\22d.bmp">
      <Filter>Файлы ресурсов</Filter>
    </Image>
    <Image Include="..\imBPM\22e.bmp">
      <Filter>Файлы ресурсов</Filter>
    </Image>
    <Image Include="..\imBPM\23.bmp">
      <Filter>Файлы ресурсов</Filter>
    </Image>
    <Image Include="..\imBPM\23a.bmp">
      <Filter>Файлы ресурсов</Filter>
    </Image>
    <Image Include="..\imBPM\23b.bmp">
      <Filter>Файлы ресурсов</Filter>
    </Image>
    <Image Include="..\imBPM\23c.bmp">
      <Filter>Файлы ресурсов</Filter>
    </Image>
    <Image Include="..\imBPM\23d.bmp">
      <Filter>Файлы ресурсов</Filter>
    </Image>
    <Image Include="..\imBPM\23e.bmp">
      <Filter>Файлы ресурсов</Filter>
    </Image>
    <Image Include="..\imBPM\24.bmp">
      <Filter>Файлы ресурсов</Filter>
    </Image>
    <Image Include="..\imBPM\24a.bmp">
      <Filter>Файлы ресурсов</Filter>
    </Image>
    <Image Include="..\imBPM\24b.bmp">
      <Filter>Файлы ресурсов</Filter>
    </Image>
    <Image Include="..\imBPM\24c.bmp">
      <Filter>Файлы ресурсов</Filter>
    </Image>
    <Image Include="..\imBPM\24d.bmp">
      <Filter>Файлы ресурсов</Filter>
    </Image>
    <Image Include="..\imBPM\24e.bmp">
      <Filter>Файлы ресурсов</Filter>
    </Image>
    <Image Include="..\imBPM\25.bmp">
      <Filter>Файлы ресурсов</Filter>
    </Image>
    <Image Include="..\imBPM\25a.bmp">
      <Filter>Файлы ресурсов</Filter>
    </Image>
    <Image Include="..\imBPM\25b.bmp">
      <Filter>Файлы ресурсов</Filter>
    </Image>
    <Image Include="..\imBPM\25c.bmp">
      <Filter>Файлы ресурсов</Filter>
    </Image>
    <Image Include="..\imBPM\25d.bmp">
      <Filter>Файлы ресурсов</Filter>
    </Image>
    <Image Include="..\imBPM\25e.bmp">
      <Filter>Файлы ресурсов</Filter>
    </Image>
    <Image Include="..\imBPM\26.bmp">
      <Filter>Файлы ресурсов</Filter>
    </Image>
    <Image Include="..\imBPM\26a.bmp">
      <Filter>Файлы ресурсов</Filter>
    </Image>
    <Image Include="..\imBPM\26b.bmp">
      <Filter>Файлы ресурсов</Filter>
    </Image>
    <Image Include="..\imBPM\26c.bmp">
      <Filter>Файлы ресурсов</Filter>
    </Image>
    <Image Include="..\imBPM\26d.bmp">
      <Filter>Файлы ресурсов</Filter>
    </Image>
    <Image Include="..\imBPM\26e.bmp">
      <Filter>Файлы ресурсов</Filter>
    </Image>
    <Image Include="..\imbpm\bitmap27.bmp">
      <Filter>Файлы ресурсов</Filter>
    </Image>
    <Image Include="..\imBPM\27.bmp">
      <Filter>Файлы ресурсов</Filter>
    </Image>
    <Image Include="..\imBPM\27a.bmp">
      <Filter>Файлы ресурсов</Filter>
    </Image>
    <Image Include="..\imBPM\27b.bmp">
      <Filter>Файлы ресурсов</Filter>
    </Image>
    <Image Include="..\imBPM\27c.bmp">
      <Filter>Файлы ресурсов</Filter>
    </Image>
    <Image Include="..\imBPM\27d.bmp">
      <Filter>Файлы ресурсов</Filter>
    </Image>
    <Image Include="..\imBPM\27e.bmp">
      <Filter>Файлы ресурсов</Filter>
    </Image>
    <Image Include="..\imBPM\28.bmp">
      <Filter>Файлы ресурсов</Filter>
    </Image>
    <Image Include="..\imBPM\28a.bmp">
      <Filter>Файлы ресурсов</Filter>
    </Image>
    <Image Include="..\imBPM\28b.bmp">
      <Filter>Файлы ресурсов</Filter>
    </Image>
    <Image Include="..\imBPM\28c.bmp">
      <Filter>Файлы ресурсов</Filter>
    </Image>
    <Image Include="..\imBPM\28d.bmp">
      <Filter>Файлы ресурсов</Filter>
    </Image>
    <Image Include="..\imBPM\28e.bmp">
      <Filter>Файлы ресурсов</Filter>
    </Image>
    <Image Include="..\imBPM\29.bmp">
      <Filter>Файлы ресурсов</Filter>
    </Image>
    <Image Include="..\imBPM\29a.bmp">
      <Filter>Файлы ресурсов</Filter>
    </Image>
    <Image Include="..\imBPM\29b.bmp">
      <Filter>Файлы ресурсов</Filter>
    </Image>
    <Image Include="..\imBPM\29c.bmp">
      <Filter>Файлы ресурсов</Filter>
    </Image>
    <Image Include="..\imBPM\29d.bmp">
      <Filter>Файлы ресурсов</Filter>
    </Image>
    <Image Include="..\imBPM\29e.bmp">
      <Filter>Файлы ресурсов</Filter>
    </Image>
    <Image Include="..\imBPM\30.bmp">
      <Filter>Файлы ресурсов</Filter>
    </Image>
    <Image Include="..\imBPM\30a.bmp">
      <Filter>Файлы ресурсов</Filter>
    </Image>
    <Image Include="..\imBPM\30b.bmp">
      <Filter>Файлы ресурсов</Filter>
    </Image>
    <Image Include="..\imBPM\30c.bmp">
      <Filter>Файлы ресурсов</Filter>
    </Image>
    <Image Include="..\imBPM\30d.bmp">
      <Filter>Файлы ресурсов</Filter>
    </Image>
    <Image Include="..\imBPM\30e.bmp">
      <Filter>Файлы ресурсов</Filter>
    </Image>
    <Image Include="..\imBPM\31.bmp">
      <Filter>Файлы ресурсов</Filter>
    </Image>
    <Image Include="..\imBPM\31a.bmp">
      <Filter>Файлы ресурсов</Filter>
    </Image>
    <Image Include="..\imBPM\31b.bmp">
      <Filter>Файлы ресурсов</Filter>
    </Image>
    <Image Include="..\imBPM\31c.bmp">
      <Filter>Файлы ресурсов</Filter>
    </Image>
    <Image Include="..\imBPM\31d.bmp">
      <Filter>Файлы ресурсов</Filter>
    </Image>
    <Image Include="..\imBPM\31e.bmp">
      <Filter>Файлы ресурсов</Filter>
    </Image>
    <Image Include="..\imBPM\32.bmp">
      <Filter>Файлы ресурсов</Filter>
    </Image>
    <Image Include="..\imBPM\32a.bmp">
      <Filter>Файлы ресурсов</Filter>
    </Image>
    <Image Include="..\imBPM\32b.bmp">
      <Filter>Файлы ресурсов</Filter>
    </Image>
    <Image Include="..\imBPM\32c.bmp">
      <Filter>Файлы ресурсов</Filter>
    </Image>
    <Image Include="..\imBPM\32d.bmp">
      <Filter>Файлы ресурсов</Filter>
    </Image>
    <Image Include="..\imBPM\32e.bmp">
      <Filter>Файлы ресурсов</Filter>
    </Image>
    <Image Include="..\imBPM\33.bmp">
      <Filter>Файлы ресурсов</Filter>
    </Image>
    <Image Include="..\imBPM\33a.bmp">
      <Filter>Файлы ресурсов</Filter>
    </Image>
    <Image Include="..\imBPM\33b.bmp">
      <Filter>Файлы ресурсов</Filter>
    </Image>
    <Image Include="..\imBPM\33c.bmp">
      <Filter>Файлы ресурсов</Filter>
    </Image>
    <Image Include="..\imBPM\33d.bmp">
      <Filter>Файлы ресурсов</Filter>
    </Image>
    <Image Include="..\imBPM\33e.bmp">
      <Filter>Файлы ресурсов</Filter>
    </Image>
    <Image Include="..\imBPM\34.bmp">
      <Filter>Файлы ресурсов</Filter>
    </Image>
    <Image Include="..\imBPM\34a.bmp">
      <Filter>Файлы ресурсов</Filter>
    </Image>
    <Image Include="..\imBPM\34b.bmp">
      <Filter>Файлы ресурсов</Filter>
    </Image>
    <Image Include="..\imBPM\34c.bmp">
      <Filter>Файлы ресурсов</Filter>
    </Image>
    <Image Include="..\imBPM\34d.bmp">
      <Filter>Файлы ресурсов</Filter>
    </Image>
    <Image Include="..\imBPM\34e.bmp">
      <Filter>Файлы ресурсов</Filter>
    </Image>
    <Image Include="..\imBPM\35.bmp">
      <Filter>Файлы ресурсов</Filter>
    </Image>
    <Image Include="..\imBPM\35a.bmp">
      <Filter>Файлы ресурсов</Filter>
    </Image>
    <Image Include="..\imBPM\35b.bmp">
      <Filter>Файлы ресурсов</Filter>
    </Image>
    <Image Include="..\imBPM\35c.bmp">
      <Filter>Файлы ресурсов</Filter>
    </Image>
    <Image Include="..\imBPM\35d.bmp">
      <Filter>Файлы ресурсов</Filter>
    </Image>
    <Image Include="..\imBPM\36a.bmp">
      <Filter>Файлы ресурсов</Filter>
    </Image>
    <Image Include="..\imBPM\36c.bmp">
      <Filter>Файлы ресурсов</Filter>
    </Image>
    <Image Include="..\imBPM\36d.bmp">
      <Filter>Файлы ресурсов</Filter>
    </Image>
    <Image Include="..\imBPM\36e.bmp">
      <Filter>Файлы ресурсов</Filter>
    </Image>
    <Image Include="..\imBPM\35e.bmp">
      <Filter>Файлы ресурсов</Filter>
    </Image>
    <Image Include="..\imBPM\36.bmp">
      <Filter>Файлы ресурсов</Filter>
    </Image>
    <Image Include="..\imBPM\36b.bmp">
      <Filter>Файлы ресурсов</Filter>
    </Image>
  </ItemGroup>
</Project>